
Microsoft Visual Studio Solution File, Format Version 12.00
# Visual Studio 2015
Project("{FAE04EC0-301F-11D3-BF4B-00C04F79EFBC}") = "DrawLevelProto.CSharp", "DrawLevelProto.CSharp.csproj", "{FC94D285-124E-EDC4-33B7-B2A58ED4CBEE}"
EndProject
Global
	GlobalSection(SolutionConfigurationPlatforms) = preSolution
		Debug|Any CPU = Debug|Any CPU
		Release|Any CPU = Release|Any CPU
	EndGlobalSection
	GlobalSection(ProjectConfigurationPlatforms) = postSolution
		{FC94D285-124E-EDC4-33B7-B2A58ED4CBEE}.Debug|Any CPU.ActiveCfg = Debug|Any CPU
		{FC94D285-124E-EDC4-33B7-B2A58ED4CBEE}.Debug|Any CPU.Build.0 = Debug|Any CPU
		{FC94D285-124E-EDC4-33B7-B2A58ED4CBEE}.Release|Any CPU.ActiveCfg = Release|Any CPU
		{FC94D285-124E-EDC4-33B7-B2A58ED4CBEE}.Release|Any CPU.Build.0 = Release|Any CPU
	EndGlobalSection
	GlobalSection(SolutionProperties) = preSolution
		HideSolutionNode = FALSE
	EndGlobalSection
EndGlobal
