
Microsoft Visual Studio Solution File, Format Version 12.00
# Visual Studio 2015
Project("{FAE04EC0-301F-11D3-BF4B-00C04F79EFBC}") = "BlockLevelProto.CSharp", "BlockLevelProto.CSharp.csproj", "{988B65E8-BE40-CE22-6868-933A894FE32C}"
EndProject
Global
	GlobalSection(SolutionConfigurationPlatforms) = preSolution
		Debug|Any CPU = Debug|Any CPU
		Release|Any CPU = Release|Any CPU
	EndGlobalSection
	GlobalSection(ProjectConfigurationPlatforms) = postSolution
		{988B65E8-BE40-CE22-6868-933A894FE32C}.Debug|Any CPU.ActiveCfg = Debug|Any CPU
		{988B65E8-BE40-CE22-6868-933A894FE32C}.Debug|Any CPU.Build.0 = Debug|Any CPU
		{988B65E8-BE40-CE22-6868-933A894FE32C}.Release|Any CPU.ActiveCfg = Release|Any CPU
		{988B65E8-BE40-CE22-6868-933A894FE32C}.Release|Any CPU.Build.0 = Release|Any CPU
	EndGlobalSection
	GlobalSection(SolutionProperties) = preSolution
		HideSolutionNode = FALSE
	EndGlobalSection
EndGlobal
